
Microsoft Visual Studio Solution File, Format Version 12.00
# Visual Studio Version 17
VisualStudioVersion = 17.0.31903.59
MinimumVisualStudioVersion = 10.0.40219.1
Project("{2150E333-8FDC-42A3-9474-1A3956D46DE8}") = "contracts", "contracts", "{A73F2606-6D4C-3EEE-1759-0E59DCFEF523}"
EndProject
Project("{FAE04EC0-301F-11D3-BF4B-00C04F79EFBC}") = "Contracts.Core", "contracts\Contracts.Core\Contracts.Core.csproj", "{2B4072B6-F5B8-4F15-A556-8902B6272768}"
EndProject
Project("{FAE04EC0-301F-11D3-BF4B-00C04F79EFBC}") = "Contracts.Protocol", "contracts\Contracts.Protocol\Contracts.Protocol.csproj", "{0751CFE4-BD8F-4860-8B33-9E2C5E5A4262}"
EndProject
Project("{FAE04EC0-301F-11D3-BF4B-00C04F79EFBC}") = "Contracts.Skills", "contracts\Contracts.Skills\Contracts.Skills.csproj", "{03A459EA-676C-4846-8973-F5F2BEA00671}"
EndProject
Project("{FAE04EC0-301F-11D3-BF4B-00C04F79EFBC}") = "Contracts.ECS", "contracts\Contracts.ECS\Contracts.ECS.csproj", "{DB7483E1-2495-4EF7-81E3-104EBD0C1E2C}"
EndProject
Project("{2150E333-8FDC-42A3-9474-1A3956D46DE8}") = "plugins", "plugins", "{07D57EEB-2F50-60C4-C011-FE4FA775C9A8}"
EndProject
Project("{FAE04EC0-301F-11D3-BF4B-00C04F79EFBC}") = "Plugin.Actors", "plugins\Plugin.Actors\Plugin.Actors.csproj", "{F644A61B-2ACC-4D62-BA72-D79526BDEDC8}"
EndProject
Project("{FAE04EC0-301F-11D3-BF4B-00C04F79EFBC}") = "Plugin.Process", "plugins\Plugin.Process\Plugin.Process.csproj", "{FE9CB869-6AA1-4A56-A2CB-C66A2876F55F}"
EndProject
Project("{FAE04EC0-301F-11D3-BF4B-00C04F79EFBC}") = "Plugin.Protocol", "plugins\Plugin.Protocol\Plugin.Protocol.csproj", "{065AC688-5385-4394-9B1B-03E8358EA445}"
EndProject
Project("{FAE04EC0-301F-11D3-BF4B-00C04F79EFBC}") = "Plugin.ECS", "plugins\Plugin.ECS\Plugin.ECS.csproj", "{D5D91D00-ED02-45D7-BA62-C34A00BEB972}"
EndProject
Project("{FAE04EC0-301F-11D3-BF4B-00C04F79EFBC}") = "Plugin.Mapping", "plugins\Plugin.Mapping\Plugin.Mapping.csproj", "{8899C344-3DAE-4510-9A17-5CAC6AE26773}"
EndProject
Project("{2150E333-8FDC-42A3-9474-1A3956D46DE8}") = "hosts", "hosts", "{2F3EF1A3-B2B0-B28C-122D-FFB85167A4CE}"
EndProject
Project("{FAE04EC0-301F-11D3-BF4B-00C04F79EFBC}") = "complete-app", "hosts\complete-app\complete-app.csproj", "{EDAEE17B-05B7-42E8-BBB2-4FF764F3FCF7}"
EndProject
Project("{2150E333-8FDC-42A3-9474-1A3956D46DE8}") = "tests", "tests", "{B1A2C3D4-E5F6-7890-ABCD-EF1234567890}"
EndProject
Project("{FAE04EC0-301F-11D3-BF4B-00C04F79EFBC}") = "Plugin.Process.Tests", "tests\Plugin.Process.Tests\Plugin.Process.Tests.csproj", "{A1B2C3D4-0001-4000-8000-000000000001}"
EndProject
Project("{FAE04EC0-301F-11D3-BF4B-00C04F79EFBC}") = "Plugin.Protocol.Tests", "tests\Plugin.Protocol.Tests\Plugin.Protocol.Tests.csproj", "{A1B2C3D4-0002-4000-8000-000000000002}"
EndProject
Project("{FAE04EC0-301F-11D3-BF4B-00C04F79EFBC}") = "Plugin.Mapping.Tests", "tests\Plugin.Mapping.Tests\Plugin.Mapping.Tests.csproj", "{A1B2C3D4-0003-4000-8000-000000000003}"
EndProject
Project("{FAE04EC0-301F-11D3-BF4B-00C04F79EFBC}") = "Plugin.ECS.Tests", "tests\Plugin.ECS.Tests\Plugin.ECS.Tests.csproj", "{A1B2C3D4-0004-4000-8000-000000000004}"
EndProject
Project("{FAE04EC0-301F-11D3-BF4B-00C04F79EFBC}") = "Plugin.Actors.Tests", "tests\Plugin.Actors.Tests\Plugin.Actors.Tests.csproj", "{A1B2C3D4-0005-4000-8000-000000000005}"
EndProject
Global
	GlobalSection(SolutionConfigurationPlatforms) = preSolution
		Debug|Any CPU = Debug|Any CPU
		Debug|x64 = Debug|x64
		Debug|x86 = Debug|x86
		Release|Any CPU = Release|Any CPU
		Release|x64 = Release|x64
		Release|x86 = Release|x86
	EndGlobalSection
	GlobalSection(ProjectConfigurationPlatforms) = postSolution
		{2B4072B6-F5B8-4F15-A556-8902B6272768}.Debug|Any CPU.ActiveCfg = Debug|Any CPU
		{2B4072B6-F5B8-4F15-A556-8902B6272768}.Debug|Any CPU.Build.0 = Debug|Any CPU
		{2B4072B6-F5B8-4F15-A556-8902B6272768}.Debug|x64.ActiveCfg = Debug|Any CPU
		{2B4072B6-F5B8-4F15-A556-8902B6272768}.Debug|x64.Build.0 = Debug|Any CPU
		{2B4072B6-F5B8-4F15-A556-8902B6272768}.Debug|x86.ActiveCfg = Debug|Any CPU
		{2B4072B6-F5B8-4F15-A556-8902B6272768}.Debug|x86.Build.0 = Debug|Any CPU
		{2B4072B6-F5B8-4F15-A556-8902B6272768}.Release|Any CPU.ActiveCfg = Release|Any CPU
		{2B4072B6-F5B8-4F15-A556-8902B6272768}.Release|Any CPU.Build.0 = Release|Any CPU
		{2B4072B6-F5B8-4F15-A556-8902B6272768}.Release|x64.ActiveCfg = Release|Any CPU
		{2B4072B6-F5B8-4F15-A556-8902B6272768}.Release|x64.Build.0 = Release|Any CPU
		{2B4072B6-F5B8-4F15-A556-8902B6272768}.Release|x86.ActiveCfg = Release|Any CPU
		{2B4072B6-F5B8-4F15-A556-8902B6272768}.Release|x86.Build.0 = Release|Any CPU
		{0751CFE4-BD8F-4860-8B33-9E2C5E5A4262}.Debug|Any CPU.ActiveCfg = Debug|Any CPU
		{0751CFE4-BD8F-4860-8B33-9E2C5E5A4262}.Debug|Any CPU.Build.0 = Debug|Any CPU
		{0751CFE4-BD8F-4860-8B33-9E2C5E5A4262}.Debug|x64.ActiveCfg = Debug|Any CPU
		{0751CFE4-BD8F-4860-8B33-9E2C5E5A4262}.Debug|x64.Build.0 = Debug|Any CPU
		{0751CFE4-BD8F-4860-8B33-9E2C5E5A4262}.Debug|x86.ActiveCfg = Debug|Any CPU
		{0751CFE4-BD8F-4860-8B33-9E2C5E5A4262}.Debug|x86.Build.0 = Debug|Any CPU
		{0751CFE4-BD8F-4860-8B33-9E2C5E5A4262}.Release|Any CPU.ActiveCfg = Release|Any CPU
		{0751CFE4-BD8F-4860-8B33-9E2C5E5A4262}.Release|Any CPU.Build.0 = Release|Any CPU
		{0751CFE4-BD8F-4860-8B33-9E2C5E5A4262}.Release|x64.ActiveCfg = Release|Any CPU
		{0751CFE4-BD8F-4860-8B33-9E2C5E5A4262}.Release|x64.Build.0 = Release|Any CPU
		{0751CFE4-BD8F-4860-8B33-9E2C5E5A4262}.Release|x86.ActiveCfg = Release|Any CPU
		{0751CFE4-BD8F-4860-8B33-9E2C5E5A4262}.Release|x86.Build.0 = Release|Any CPU
		{03A459EA-676C-4846-8973-F5F2BEA00671}.Debug|Any CPU.ActiveCfg = Debug|Any CPU
		{03A459EA-676C-4846-8973-F5F2BEA00671}.Debug|Any CPU.Build.0 = Debug|Any CPU
		{03A459EA-676C-4846-8973-F5F2BEA00671}.Debug|x64.ActiveCfg = Debug|Any CPU
		{03A459EA-676C-4846-8973-F5F2BEA00671}.Debug|x64.Build.0 = Debug|Any CPU
		{03A459EA-676C-4846-8973-F5F2BEA00671}.Debug|x86.ActiveCfg = Debug|Any CPU
		{03A459EA-676C-4846-8973-F5F2BEA00671}.Debug|x86.Build.0 = Debug|Any CPU
		{03A459EA-676C-4846-8973-F5F2BEA00671}.Release|Any CPU.ActiveCfg = Release|Any CPU
		{03A459EA-676C-4846-8973-F5F2BEA00671}.Release|Any CPU.Build.0 = Release|Any CPU
		{03A459EA-676C-4846-8973-F5F2BEA00671}.Release|x64.ActiveCfg = Release|Any CPU
		{03A459EA-676C-4846-8973-F5F2BEA00671}.Release|x64.Build.0 = Release|Any CPU
		{03A459EA-676C-4846-8973-F5F2BEA00671}.Release|x86.ActiveCfg = Release|Any CPU
		{03A459EA-676C-4846-8973-F5F2BEA00671}.Release|x86.Build.0 = Release|Any CPU
		{DB7483E1-2495-4EF7-81E3-104EBD0C1E2C}.Debug|Any CPU.ActiveCfg = Debug|Any CPU
		{DB7483E1-2495-4EF7-81E3-104EBD0C1E2C}.Debug|Any CPU.Build.0 = Debug|Any CPU
		{DB7483E1-2495-4EF7-81E3-104EBD0C1E2C}.Debug|x64.ActiveCfg = Debug|Any CPU
		{DB7483E1-2495-4EF7-81E3-104EBD0C1E2C}.Debug|x64.Build.0 = Debug|Any CPU
		{DB7483E1-2495-4EF7-81E3-104EBD0C1E2C}.Debug|x86.ActiveCfg = Debug|Any CPU
		{DB7483E1-2495-4EF7-81E3-104EBD0C1E2C}.Debug|x86.Build.0 = Debug|Any CPU
		{DB7483E1-2495-4EF7-81E3-104EBD0C1E2C}.Release|Any CPU.ActiveCfg = Release|Any CPU
		{DB7483E1-2495-4EF7-81E3-104EBD0C1E2C}.Release|Any CPU.Build.0 = Release|Any CPU
		{DB7483E1-2495-4EF7-81E3-104EBD0C1E2C}.Release|x64.ActiveCfg = Release|Any CPU
		{DB7483E1-2495-4EF7-81E3-104EBD0C1E2C}.Release|x64.Build.0 = Release|Any CPU
		{DB7483E1-2495-4EF7-81E3-104EBD0C1E2C}.Release|x86.ActiveCfg = Release|Any CPU
		{DB7483E1-2495-4EF7-81E3-104EBD0C1E2C}.Release|x86.Build.0 = Release|Any CPU
		{F644A61B-2ACC-4D62-BA72-D79526BDEDC8}.Debug|Any CPU.ActiveCfg = Debug|Any CPU
		{F644A61B-2ACC-4D62-BA72-D79526BDEDC8}.Debug|Any CPU.Build.0 = Debug|Any CPU
		{F644A61B-2ACC-4D62-BA72-D79526BDEDC8}.Debug|x64.ActiveCfg = Debug|Any CPU
		{F644A61B-2ACC-4D62-BA72-D79526BDEDC8}.Debug|x64.Build.0 = Debug|Any CPU
		{F644A61B-2ACC-4D62-BA72-D79526BDEDC8}.Debug|x86.ActiveCfg = Debug|Any CPU
		{F644A61B-2ACC-4D62-BA72-D79526BDEDC8}.Debug|x86.Build.0 = Debug|Any CPU
		{F644A61B-2ACC-4D62-BA72-D79526BDEDC8}.Release|Any CPU.ActiveCfg = Release|Any CPU
		{F644A61B-2ACC-4D62-BA72-D79526BDEDC8}.Release|Any CPU.Build.0 = Release|Any CPU
		{F644A61B-2ACC-4D62-BA72-D79526BDEDC8}.Release|x64.ActiveCfg = Release|Any CPU
		{F644A61B-2ACC-4D62-BA72-D79526BDEDC8}.Release|x64.Build.0 = Release|Any CPU
		{F644A61B-2ACC-4D62-BA72-D79526BDEDC8}.Release|x86.ActiveCfg = Release|Any CPU
		{F644A61B-2ACC-4D62-BA72-D79526BDEDC8}.Release|x86.Build.0 = Release|Any CPU
		{FE9CB869-6AA1-4A56-A2CB-C66A2876F55F}.Debug|Any CPU.ActiveCfg = Debug|Any CPU
		{FE9CB869-6AA1-4A56-A2CB-C66A2876F55F}.Debug|Any CPU.Build.0 = Debug|Any CPU
		{FE9CB869-6AA1-4A56-A2CB-C66A2876F55F}.Debug|x64.ActiveCfg = Debug|Any CPU
		{FE9CB869-6AA1-4A56-A2CB-C66A2876F55F}.Debug|x64.Build.0 = Debug|Any CPU
		{FE9CB869-6AA1-4A56-A2CB-C66A2876F55F}.Debug|x86.ActiveCfg = Debug|Any CPU
		{FE9CB869-6AA1-4A56-A2CB-C66A2876F55F}.Debug|x86.Build.0 = Debug|Any CPU
		{FE9CB869-6AA1-4A56-A2CB-C66A2876F55F}.Release|Any CPU.ActiveCfg = Release|Any CPU
		{FE9CB869-6AA1-4A56-A2CB-C66A2876F55F}.Release|Any CPU.Build.0 = Release|Any CPU
		{FE9CB869-6AA1-4A56-A2CB-C66A2876F55F}.Release|x64.ActiveCfg = Release|Any CPU
		{FE9CB869-6AA1-4A56-A2CB-C66A2876F55F}.Release|x64.Build.0 = Release|Any CPU
		{FE9CB869-6AA1-4A56-A2CB-C66A2876F55F}.Release|x86.ActiveCfg = Release|Any CPU
		{FE9CB869-6AA1-4A56-A2CB-C66A2876F55F}.Release|x86.Build.0 = Release|Any CPU
		{065AC688-5385-4394-9B1B-03E8358EA445}.Debug|Any CPU.ActiveCfg = Debug|Any CPU
		{065AC688-5385-4394-9B1B-03E8358EA445}.Debug|Any CPU.Build.0 = Debug|Any CPU
		{065AC688-5385-4394-9B1B-03E8358EA445}.Debug|x64.ActiveCfg = Debug|Any CPU
		{065AC688-5385-4394-9B1B-03E8358EA445}.Debug|x64.Build.0 = Debug|Any CPU
		{065AC688-5385-4394-9B1B-03E8358EA445}.Debug|x86.ActiveCfg = Debug|Any CPU
		{065AC688-5385-4394-9B1B-03E8358EA445}.Debug|x86.Build.0 = Debug|Any CPU
		{065AC688-5385-4394-9B1B-03E8358EA445}.Release|Any CPU.ActiveCfg = Release|Any CPU
		{065AC688-5385-4394-9B1B-03E8358EA445}.Release|Any CPU.Build.0 = Release|Any CPU
		{065AC688-5385-4394-9B1B-03E8358EA445}.Release|x64.ActiveCfg = Release|Any CPU
		{065AC688-5385-4394-9B1B-03E8358EA445}.Release|x64.Build.0 = Release|Any CPU
		{065AC688-5385-4394-9B1B-03E8358EA445}.Release|x86.ActiveCfg = Release|Any CPU
		{065AC688-5385-4394-9B1B-03E8358EA445}.Release|x86.Build.0 = Release|Any CPU
		{D5D91D00-ED02-45D7-BA62-C34A00BEB972}.Debug|Any CPU.ActiveCfg = Debug|Any CPU
		{D5D91D00-ED02-45D7-BA62-C34A00BEB972}.Debug|Any CPU.Build.0 = Debug|Any CPU
		{D5D91D00-ED02-45D7-BA62-C34A00BEB972}.Debug|x64.ActiveCfg = Debug|Any CPU
		{D5D91D00-ED02-45D7-BA62-C34A00BEB972}.Debug|x64.Build.0 = Debug|Any CPU
		{D5D91D00-ED02-45D7-BA62-C34A00BEB972}.Debug|x86.ActiveCfg = Debug|Any CPU
		{D5D91D00-ED02-45D7-BA62-C34A00BEB972}.Debug|x86.Build.0 = Debug|Any CPU
		{D5D91D00-ED02-45D7-BA62-C34A00BEB972}.Release|Any CPU.ActiveCfg = Release|Any CPU
		{D5D91D00-ED02-45D7-BA62-C34A00BEB972}.Release|Any CPU.Build.0 = Release|Any CPU
		{D5D91D00-ED02-45D7-BA62-C34A00BEB972}.Release|x64.ActiveCfg = Release|Any CPU
		{D5D91D00-ED02-45D7-BA62-C34A00BEB972}.Release|x64.Build.0 = Release|Any CPU
		{D5D91D00-ED02-45D7-BA62-C34A00BEB972}.Release|x86.ActiveCfg = Release|Any CPU
		{D5D91D00-ED02-45D7-BA62-C34A00BEB972}.Release|x86.Build.0 = Release|Any CPU
		{8899C344-3DAE-4510-9A17-5CAC6AE26773}.Debug|Any CPU.ActiveCfg = Debug|Any CPU
		{8899C344-3DAE-4510-9A17-5CAC6AE26773}.Debug|Any CPU.Build.0 = Debug|Any CPU
		{8899C344-3DAE-4510-9A17-5CAC6AE26773}.Debug|x64.ActiveCfg = Debug|Any CPU
		{8899C344-3DAE-4510-9A17-5CAC6AE26773}.Debug|x64.Build.0 = Debug|Any CPU
		{8899C344-3DAE-4510-9A17-5CAC6AE26773}.Debug|x86.ActiveCfg = Debug|Any CPU
		{8899C344-3DAE-4510-9A17-5CAC6AE26773}.Debug|x86.Build.0 = Debug|Any CPU
		{8899C344-3DAE-4510-9A17-5CAC6AE26773}.Release|Any CPU.ActiveCfg = Release|Any CPU
		{8899C344-3DAE-4510-9A17-5CAC6AE26773}.Release|Any CPU.Build.0 = Release|Any CPU
		{8899C344-3DAE-4510-9A17-5CAC6AE26773}.Release|x64.ActiveCfg = Release|Any CPU
		{8899C344-3DAE-4510-9A17-5CAC6AE26773}.Release|x64.Build.0 = Release|Any CPU
		{8899C344-3DAE-4510-9A17-5CAC6AE26773}.Release|x86.ActiveCfg = Release|Any CPU
		{8899C344-3DAE-4510-9A17-5CAC6AE26773}.Release|x86.Build.0 = Release|Any CPU
		{EDAEE17B-05B7-42E8-BBB2-4FF764F3FCF7}.Debug|Any CPU.ActiveCfg = Debug|Any CPU
		{EDAEE17B-05B7-42E8-BBB2-4FF764F3FCF7}.Debug|Any CPU.Build.0 = Debug|Any CPU
		{EDAEE17B-05B7-42E8-BBB2-4FF764F3FCF7}.Debug|x64.ActiveCfg = Debug|Any CPU
		{EDAEE17B-05B7-42E8-BBB2-4FF764F3FCF7}.Debug|x64.Build.0 = Debug|Any CPU
		{EDAEE17B-05B7-42E8-BBB2-4FF764F3FCF7}.Debug|x86.ActiveCfg = Debug|Any CPU
		{EDAEE17B-05B7-42E8-BBB2-4FF764F3FCF7}.Debug|x86.Build.0 = Debug|Any CPU
		{EDAEE17B-05B7-42E8-BBB2-4FF764F3FCF7}.Release|Any CPU.ActiveCfg = Debug|Any CPU
		{EDAEE17B-05B7-42E8-BBB2-4FF764F3FCF7}.Release|Any CPU.Build.0 = Debug|Any CPU
		{EDAEE17B-05B7-42E8-BBB2-4FF764F3FCF7}.Release|x64.ActiveCfg = Debug|Any CPU
		{EDAEE17B-05B7-42E8-BBB2-4FF764F3FCF7}.Release|x64.Build.0 = Debug|Any CPU
		{EDAEE17B-05B7-42E8-BBB2-4FF764F3FCF7}.Release|x86.ActiveCfg = Debug|Any CPU
		{EDAEE17B-05B7-42E8-BBB2-4FF764F3FCF7}.Release|x86.Build.0 = Debug|Any CPU
		{A1B2C3D4-0001-4000-8000-000000000001}.Debug|Any CPU.ActiveCfg = Debug|Any CPU
		{A1B2C3D4-0001-4000-8000-000000000001}.Debug|Any CPU.Build.0 = Debug|Any CPU
		{A1B2C3D4-0001-4000-8000-000000000001}.Debug|x64.ActiveCfg = Debug|Any CPU
		{A1B2C3D4-0001-4000-8000-000000000001}.Debug|x64.Build.0 = Debug|Any CPU
		{A1B2C3D4-0001-4000-8000-000000000001}.Debug|x86.ActiveCfg = Debug|Any CPU
		{A1B2C3D4-0001-4000-8000-000000000001}.Debug|x86.Build.0 = Debug|Any CPU
		{A1B2C3D4-0001-4000-8000-000000000001}.Release|Any CPU.ActiveCfg = Release|Any CPU
		{A1B2C3D4-0001-4000-8000-000000000001}.Release|Any CPU.Build.0 = Release|Any CPU
		{A1B2C3D4-0001-4000-8000-000000000001}.Release|x64.ActiveCfg = Release|Any CPU
		{A1B2C3D4-0001-4000-8000-000000000001}.Release|x64.Build.0 = Release|Any CPU
		{A1B2C3D4-0001-4000-8000-000000000001}.Release|x86.ActiveCfg = Release|Any CPU
		{A1B2C3D4-0001-4000-8000-000000000001}.Release|x86.Build.0 = Release|Any CPU
		{A1B2C3D4-0002-4000-8000-000000000002}.Debug|Any CPU.ActiveCfg = Debug|Any CPU
		{A1B2C3D4-0002-4000-8000-000000000002}.Debug|Any CPU.Build.0 = Debug|Any CPU
		{A1B2C3D4-0002-4000-8000-000000000002}.Debug|x64.ActiveCfg = Debug|Any CPU
		{A1B2C3D4-0002-4000-8000-000000000002}.Debug|x64.Build.0 = Debug|Any CPU
		{A1B2C3D4-0002-4000-8000-000000000002}.Debug|x86.ActiveCfg = Debug|Any CPU
		{A1B2C3D4-0002-4000-8000-000000000002}.Debug|x86.Build.0 = Debug|Any CPU
		{A1B2C3D4-0002-4000-8000-000000000002}.Release|Any CPU.ActiveCfg = Release|Any CPU
		{A1B2C3D4-0002-4000-8000-000000000002}.Release|Any CPU.Build.0 = Release|Any CPU
		{A1B2C3D4-0002-4000-8000-000000000002}.Release|x64.ActiveCfg = Release|Any CPU
		{A1B2C3D4-0002-4000-8000-000000000002}.Release|x64.Build.0 = Release|Any CPU
		{A1B2C3D4-0002-4000-8000-000000000002}.Release|x86.ActiveCfg = Release|Any CPU
		{A1B2C3D4-0002-4000-8000-000000000002}.Release|x86.Build.0 = Release|Any CPU
		{A1B2C3D4-0003-4000-8000-000000000003}.Debug|Any CPU.ActiveCfg = Debug|Any CPU
		{A1B2C3D4-0003-4000-8000-000000000003}.Debug|Any CPU.Build.0 = Debug|Any CPU
		{A1B2C3D4-0003-4000-8000-000000000003}.Debug|x64.ActiveCfg = Debug|Any CPU
		{A1B2C3D4-0003-4000-8000-000000000003}.Debug|x64.Build.0 = Debug|Any CPU
		{A1B2C3D4-0003-4000-8000-000000000003}.Debug|x86.ActiveCfg = Debug|Any CPU
		{A1B2C3D4-0003-4000-8000-000000000003}.Debug|x86.Build.0 = Debug|Any CPU
		{A1B2C3D4-0003-4000-8000-000000000003}.Release|Any CPU.ActiveCfg = Release|Any CPU
		{A1B2C3D4-0003-4000-8000-000000000003}.Release|Any CPU.Build.0 = Release|Any CPU
		{A1B2C3D4-0003-4000-8000-000000000003}.Release|x64.ActiveCfg = Release|Any CPU
		{A1B2C3D4-0003-4000-8000-000000000003}.Release|x64.Build.0 = Release|Any CPU
		{A1B2C3D4-0003-4000-8000-000000000003}.Release|x86.ActiveCfg = Release|Any CPU
		{A1B2C3D4-0003-4000-8000-000000000003}.Release|x86.Build.0 = Release|Any CPU
		{A1B2C3D4-0004-4000-8000-000000000004}.Debug|Any CPU.ActiveCfg = Debug|Any CPU
		{A1B2C3D4-0004-4000-8000-000000000004}.Debug|Any CPU.Build.0 = Debug|Any CPU
		{A1B2C3D4-0004-4000-8000-000000000004}.Debug|x64.ActiveCfg = Debug|Any CPU
		{A1B2C3D4-0004-4000-8000-000000000004}.Debug|x64.Build.0 = Debug|Any CPU
		{A1B2C3D4-0004-4000-8000-000000000004}.Debug|x86.ActiveCfg = Debug|Any CPU
		{A1B2C3D4-0004-4000-8000-000000000004}.Debug|x86.Build.0 = Debug|Any CPU
		{A1B2C3D4-0004-4000-8000-000000000004}.Release|Any CPU.ActiveCfg = Release|Any CPU
		{A1B2C3D4-0004-4000-8000-000000000004}.Release|Any CPU.Build.0 = Release|Any CPU
		{A1B2C3D4-0004-4000-8000-000000000004}.Release|x64.ActiveCfg = Release|Any CPU
		{A1B2C3D4-0004-4000-8000-000000000004}.Release|x64.Build.0 = Release|Any CPU
		{A1B2C3D4-0004-4000-8000-000000000004}.Release|x86.ActiveCfg = Release|Any CPU
		{A1B2C3D4-0004-4000-8000-000000000004}.Release|x86.Build.0 = Release|Any CPU
		{A1B2C3D4-0005-4000-8000-000000000005}.Debug|Any CPU.ActiveCfg = Debug|Any CPU
		{A1B2C3D4-0005-4000-8000-000000000005}.Debug|Any CPU.Build.0 = Debug|Any CPU
		{A1B2C3D4-0005-4000-8000-000000000005}.Debug|x64.ActiveCfg = Debug|Any CPU
		{A1B2C3D4-0005-4000-8000-000000000005}.Debug|x64.Build.0 = Debug|Any CPU
		{A1B2C3D4-0005-4000-8000-000000000005}.Debug|x86.ActiveCfg = Debug|Any CPU
		{A1B2C3D4-0005-4000-8000-000000000005}.Debug|x86.Build.0 = Debug|Any CPU
		{A1B2C3D4-0005-4000-8000-000000000005}.Release|Any CPU.ActiveCfg = Release|Any CPU
		{A1B2C3D4-0005-4000-8000-000000000005}.Release|Any CPU.Build.0 = Release|Any CPU
		{A1B2C3D4-0005-4000-8000-000000000005}.Release|x64.ActiveCfg = Release|Any CPU
		{A1B2C3D4-0005-4000-8000-000000000005}.Release|x64.Build.0 = Release|Any CPU
		{A1B2C3D4-0005-4000-8000-000000000005}.Release|x86.ActiveCfg = Release|Any CPU
		{A1B2C3D4-0005-4000-8000-000000000005}.Release|x86.Build.0 = Release|Any CPU
	EndGlobalSection
	GlobalSection(SolutionProperties) = preSolution
		HideSolutionNode = FALSE
	EndGlobalSection
	GlobalSection(NestedProjects) = preSolution
		{2B4072B6-F5B8-4F15-A556-8902B6272768} = {A73F2606-6D4C-3EEE-1759-0E59DCFEF523}
		{0751CFE4-BD8F-4860-8B33-9E2C5E5A4262} = {A73F2606-6D4C-3EEE-1759-0E59DCFEF523}
		{03A459EA-676C-4846-8973-F5F2BEA00671} = {A73F2606-6D4C-3EEE-1759-0E59DCFEF523}
		{DB7483E1-2495-4EF7-81E3-104EBD0C1E2C} = {A73F2606-6D4C-3EEE-1759-0E59DCFEF523}
		{F644A61B-2ACC-4D62-BA72-D79526BDEDC8} = {07D57EEB-2F50-60C4-C011-FE4FA775C9A8}
		{FE9CB869-6AA1-4A56-A2CB-C66A2876F55F} = {07D57EEB-2F50-60C4-C011-FE4FA775C9A8}
		{065AC688-5385-4394-9B1B-03E8358EA445} = {07D57EEB-2F50-60C4-C011-FE4FA775C9A8}
		{D5D91D00-ED02-45D7-BA62-C34A00BEB972} = {07D57EEB-2F50-60C4-C011-FE4FA775C9A8}
		{8899C344-3DAE-4510-9A17-5CAC6AE26773} = {07D57EEB-2F50-60C4-C011-FE4FA775C9A8}
		{EDAEE17B-05B7-42E8-BBB2-4FF764F3FCF7} = {2F3EF1A3-B2B0-B28C-122D-FFB85167A4CE}
		{A1B2C3D4-0001-4000-8000-000000000001} = {B1A2C3D4-E5F6-7890-ABCD-EF1234567890}
		{A1B2C3D4-0002-4000-8000-000000000002} = {B1A2C3D4-E5F6-7890-ABCD-EF1234567890}
		{A1B2C3D4-0003-4000-8000-000000000003} = {B1A2C3D4-E5F6-7890-ABCD-EF1234567890}
		{A1B2C3D4-0004-4000-8000-000000000004} = {B1A2C3D4-E5F6-7890-ABCD-EF1234567890}
		{A1B2C3D4-0005-4000-8000-000000000005} = {B1A2C3D4-E5F6-7890-ABCD-EF1234567890}
	EndGlobalSection
EndGlobal
